
Microsoft Visual Studio Solution File, Format Version 12.00
# Visual Studio 15
VisualStudioVersion = 15.0.28307.438
MinimumVisualStudioVersion = 10.0.40219.1
Project("{FAE04EC0-301F-11D3-BF4B-00C04F79EFBC}") = "Kyrs", "Kyrs\Kyrs.csproj", "{C72FFFDF-48A7-494C-84C7-DADABC0E9E52}"
EndProject
Global
	GlobalSection(SolutionConfigurationPlatforms) = preSolution
		Debug|Any CPU = Debug|Any CPU
		Release|Any CPU = Release|Any CPU
	EndGlobalSection
	GlobalSection(ProjectConfigurationPlatforms) = postSolution
		{C72FFFDF-48A7-494C-84C7-DADABC0E9E52}.Debug|Any CPU.ActiveCfg = Debug|Any CPU
		{C72FFFDF-48A7-494C-84C7-DADABC0E9E52}.Debug|Any CPU.Build.0 = Debug|Any CPU
		{C72FFFDF-48A7-494C-84C7-DADABC0E9E52}.Release|Any CPU.ActiveCfg = Release|Any CPU
		{C72FFFDF-48A7-494C-84C7-DADABC0E9E52}.Release|Any CPU.Build.0 = Release|Any CPU
	EndGlobalSection
	GlobalSection(SolutionProperties) = preSolution
		HideSolutionNode = FALSE
	EndGlobalSection
	GlobalSection(ExtensibilityGlobals) = postSolution
		SolutionGuid = {4A025BEB-E249-4F15-AD27-519833EE58EC}
	EndGlobalSection
EndGlobal
